
Microsoft Visual Studio Solution File, Format Version 12.00
# Visual Studio Version 17
VisualStudioVersion = 17.4.33110.190
MinimumVisualStudioVersion = 10.0.40219.1
Project("{FAE04EC0-301F-11D3-BF4B-00C04F79EFBC}") = "Chat Bot wpf", "Chat Bot wpf\Chat Bot wpf.csproj", "{6981CC85-9B67-4DB8-824C-3A41DD5C1FC7}"
EndProject
Global
	GlobalSection(SolutionConfigurationPlatforms) = preSolution
		Debug|Any CPU = Debug|Any CPU
		Release|Any CPU = Release|Any CPU
	EndGlobalSection
	GlobalSection(ProjectConfigurationPlatforms) = postSolution
		{6981CC85-9B67-4DB8-824C-3A41DD5C1FC7}.Debug|Any CPU.ActiveCfg = Debug|Any CPU
		{6981CC85-9B67-4DB8-824C-3A41DD5C1FC7}.Debug|Any CPU.Build.0 = Debug|Any CPU
		{6981CC85-9B67-4DB8-824C-3A41DD5C1FC7}.Release|Any CPU.ActiveCfg = Release|Any CPU
		{6981CC85-9B67-4DB8-824C-3A41DD5C1FC7}.Release|Any CPU.Build.0 = Release|Any CPU
	EndGlobalSection
	GlobalSection(SolutionProperties) = preSolution
		HideSolutionNode = FALSE
	EndGlobalSection
	GlobalSection(ExtensibilityGlobals) = postSolution
		SolutionGuid = {219E0C32-25FA-452F-B197-DCDF848008BA}
	EndGlobalSection
EndGlobal
